
Microsoft Visual Studio Solution File, Format Version 12.00
# Visual Studio Version 17
VisualStudioVersion = 17.7.34202.233
MinimumVisualStudioVersion = 10.0.40219.1
Project("{9A19103F-16F7-4668-BE54-9A1E7A4F7556}") = "Comparer.Api", "Comparer.Api\Comparer.Api.csproj", "{8821162B-5751-4D01-A5D6-1371F0F75A99}"
EndProject
Project("{9A19103F-16F7-4668-BE54-9A1E7A4F7556}") = "Comparer.DesktopClient", "Comparer.DesktopClient\Comparer.DesktopClient.csproj", "{72612A45-8A12-4B6A-A76E-C4DAADAA1613}"
EndProject
Project("{9A19103F-16F7-4668-BE54-9A1E7A4F7556}") = "Comparer.DataAccess", "Comparer.ApiClient\Comparer.DataAccess.csproj", "{9FE7B08B-47F6-424E-8D0A-7B3996D9CE81}"
EndProject
Project("{9A19103F-16F7-4668-BE54-9A1E7A4F7556}") = "Comparer.Entities", "Entities\Comparer.Entities.csproj", "{57A07175-C012-48B9-B558-6C68F0613BE1}"
EndProject
Project("{9A19103F-16F7-4668-BE54-9A1E7A4F7556}") = "Comparer.DataAccess.Abstractions", "Comparer.DataAccess.Abstractions\Comparer.DataAccess.Abstractions.csproj", "{EC225137-4EBD-41F8-A7BE-8DD5B3D43EF5}"
EndProject
Project("{9A19103F-16F7-4668-BE54-9A1E7A4F7556}") = "Comparer.MauiClient", "Comparer.MauiClient\Comparer.MauiClient.csproj", "{553F6A67-FAC0-4526-B4C0-BF962BE1E4A1}"
EndProject
Project("{FAE04EC0-301F-11D3-BF4B-00C04F79EFBC}") = "Comparer.Presentation", "Comparer.Presentation\Comparer.Presentation.csproj", "{64882D92-F9FA-41DE-AEDD-DFC997E250E5}"
EndProject
Project("{FAE04EC0-301F-11D3-BF4B-00C04F79EFBC}") = "Comparer.WFDesktopClient", "Comparer.WFDesktopClient\Comparer.WFDesktopClient.csproj", "{981F4F77-27B7-40C9-BF77-6C7417A005EB}"
EndProject
Global
	GlobalSection(SolutionConfigurationPlatforms) = preSolution
		Debug|Any CPU = Debug|Any CPU
		Release|Any CPU = Release|Any CPU
	EndGlobalSection
	GlobalSection(ProjectConfigurationPlatforms) = postSolution
		{8821162B-5751-4D01-A5D6-1371F0F75A99}.Debug|Any CPU.ActiveCfg = Debug|Any CPU
		{8821162B-5751-4D01-A5D6-1371F0F75A99}.Debug|Any CPU.Build.0 = Debug|Any CPU
		{8821162B-5751-4D01-A5D6-1371F0F75A99}.Release|Any CPU.ActiveCfg = Release|Any CPU
		{8821162B-5751-4D01-A5D6-1371F0F75A99}.Release|Any CPU.Build.0 = Release|Any CPU
		{72612A45-8A12-4B6A-A76E-C4DAADAA1613}.Debug|Any CPU.ActiveCfg = Debug|Any CPU
		{72612A45-8A12-4B6A-A76E-C4DAADAA1613}.Debug|Any CPU.Build.0 = Debug|Any CPU
		{72612A45-8A12-4B6A-A76E-C4DAADAA1613}.Release|Any CPU.ActiveCfg = Release|Any CPU
		{72612A45-8A12-4B6A-A76E-C4DAADAA1613}.Release|Any CPU.Build.0 = Release|Any CPU
		{9FE7B08B-47F6-424E-8D0A-7B3996D9CE81}.Debug|Any CPU.ActiveCfg = Debug|Any CPU
		{9FE7B08B-47F6-424E-8D0A-7B3996D9CE81}.Debug|Any CPU.Build.0 = Debug|Any CPU
		{9FE7B08B-47F6-424E-8D0A-7B3996D9CE81}.Release|Any CPU.ActiveCfg = Release|Any CPU
		{9FE7B08B-47F6-424E-8D0A-7B3996D9CE81}.Release|Any CPU.Build.0 = Release|Any CPU
		{57A07175-C012-48B9-B558-6C68F0613BE1}.Debug|Any CPU.ActiveCfg = Debug|Any CPU
		{57A07175-C012-48B9-B558-6C68F0613BE1}.Debug|Any CPU.Build.0 = Debug|Any CPU
		{57A07175-C012-48B9-B558-6C68F0613BE1}.Release|Any CPU.ActiveCfg = Release|Any CPU
		{57A07175-C012-48B9-B558-6C68F0613BE1}.Release|Any CPU.Build.0 = Release|Any CPU
		{EC225137-4EBD-41F8-A7BE-8DD5B3D43EF5}.Debug|Any CPU.ActiveCfg = Debug|Any CPU
		{EC225137-4EBD-41F8-A7BE-8DD5B3D43EF5}.Debug|Any CPU.Build.0 = Debug|Any CPU
		{EC225137-4EBD-41F8-A7BE-8DD5B3D43EF5}.Release|Any CPU.ActiveCfg = Release|Any CPU
		{EC225137-4EBD-41F8-A7BE-8DD5B3D43EF5}.Release|Any CPU.Build.0 = Release|Any CPU
		{553F6A67-FAC0-4526-B4C0-BF962BE1E4A1}.Debug|Any CPU.ActiveCfg = Debug|Any CPU
		{553F6A67-FAC0-4526-B4C0-BF962BE1E4A1}.Debug|Any CPU.Build.0 = Debug|Any CPU
		{553F6A67-FAC0-4526-B4C0-BF962BE1E4A1}.Release|Any CPU.ActiveCfg = Release|Any CPU
		{553F6A67-FAC0-4526-B4C0-BF962BE1E4A1}.Release|Any CPU.Build.0 = Release|Any CPU
		{553F6A67-FAC0-4526-B4C0-BF962BE1E4A1}.Release|Any CPU.Deploy.0 = Release|Any CPU
		{64882D92-F9FA-41DE-AEDD-DFC997E250E5}.Debug|Any CPU.ActiveCfg = Debug|Any CPU
		{64882D92-F9FA-41DE-AEDD-DFC997E250E5}.Debug|Any CPU.Build.0 = Debug|Any CPU
		{64882D92-F9FA-41DE-AEDD-DFC997E250E5}.Release|Any CPU.ActiveCfg = Release|Any CPU
		{64882D92-F9FA-41DE-AEDD-DFC997E250E5}.Release|Any CPU.Build.0 = Release|Any CPU
		{981F4F77-27B7-40C9-BF77-6C7417A005EB}.Debug|Any CPU.ActiveCfg = Debug|Any CPU
		{981F4F77-27B7-40C9-BF77-6C7417A005EB}.Debug|Any CPU.Build.0 = Debug|Any CPU
		{981F4F77-27B7-40C9-BF77-6C7417A005EB}.Release|Any CPU.ActiveCfg = Release|Any CPU
		{981F4F77-27B7-40C9-BF77-6C7417A005EB}.Release|Any CPU.Build.0 = Release|Any CPU
	EndGlobalSection
	GlobalSection(SolutionProperties) = preSolution
		HideSolutionNode = FALSE
	EndGlobalSection
	GlobalSection(ExtensibilityGlobals) = postSolution
		SolutionGuid = {75C8FC4A-DA88-4EE7-8A6F-C6115455880B}
	EndGlobalSection
EndGlobal
